
Microsoft Visual Studio Solution File, Format Version 12.00
# Visual Studio Version 17
VisualStudioVersion = 17.8.34316.72
MinimumVisualStudioVersion = 10.0.40219.1
Project("{9A19103F-16F7-4668-BE54-9A1E7A4F7556}") = "TimeCo.Web", "TimeCo.Web\TimeCo.Web.csproj", "{A40B7CD3-4375-4DD5-BD0E-66F930215841}"
EndProject
Project("{9A19103F-16F7-4668-BE54-9A1E7A4F7556}") = "TimeCo.Service", "TimeCo.Service\TimeCo.Service.csproj", "{074F937A-1864-435E-B4F2-6B6EA0DDCBD3}"
EndProject
Project("{9A19103F-16F7-4668-BE54-9A1E7A4F7556}") = "TimeCo.Common", "TimeCo.Common\TimeCo.Common.csproj", "{00F07977-B66E-4CEF-96CA-62CDCD5A1262}"
EndProject
Project("{9A19103F-16F7-4668-BE54-9A1E7A4F7556}") = "TimeCo.Data", "TimeCo.Data\TimeCo.Data.csproj", "{C6919C79-CF28-4380-9E1B-C0E311CB4364}"
EndProject
Global
	GlobalSection(SolutionConfigurationPlatforms) = preSolution
		Debug|Any CPU = Debug|Any CPU
		Release|Any CPU = Release|Any CPU
	EndGlobalSection
	GlobalSection(ProjectConfigurationPlatforms) = postSolution
		{A40B7CD3-4375-4DD5-BD0E-66F930215841}.Debug|Any CPU.ActiveCfg = Debug|Any CPU
		{A40B7CD3-4375-4DD5-BD0E-66F930215841}.Debug|Any CPU.Build.0 = Debug|Any CPU
		{A40B7CD3-4375-4DD5-BD0E-66F930215841}.Release|Any CPU.ActiveCfg = Release|Any CPU
		{A40B7CD3-4375-4DD5-BD0E-66F930215841}.Release|Any CPU.Build.0 = Release|Any CPU
		{074F937A-1864-435E-B4F2-6B6EA0DDCBD3}.Debug|Any CPU.ActiveCfg = Debug|Any CPU
		{074F937A-1864-435E-B4F2-6B6EA0DDCBD3}.Debug|Any CPU.Build.0 = Debug|Any CPU
		{074F937A-1864-435E-B4F2-6B6EA0DDCBD3}.Release|Any CPU.ActiveCfg = Release|Any CPU
		{074F937A-1864-435E-B4F2-6B6EA0DDCBD3}.Release|Any CPU.Build.0 = Release|Any CPU
		{00F07977-B66E-4CEF-96CA-62CDCD5A1262}.Debug|Any CPU.ActiveCfg = Debug|Any CPU
		{00F07977-B66E-4CEF-96CA-62CDCD5A1262}.Debug|Any CPU.Build.0 = Debug|Any CPU
		{00F07977-B66E-4CEF-96CA-62CDCD5A1262}.Release|Any CPU.ActiveCfg = Release|Any CPU
		{00F07977-B66E-4CEF-96CA-62CDCD5A1262}.Release|Any CPU.Build.0 = Release|Any CPU
		{C6919C79-CF28-4380-9E1B-C0E311CB4364}.Debug|Any CPU.ActiveCfg = Debug|Any CPU
		{C6919C79-CF28-4380-9E1B-C0E311CB4364}.Debug|Any CPU.Build.0 = Debug|Any CPU
		{C6919C79-CF28-4380-9E1B-C0E311CB4364}.Release|Any CPU.ActiveCfg = Release|Any CPU
		{C6919C79-CF28-4380-9E1B-C0E311CB4364}.Release|Any CPU.Build.0 = Release|Any CPU
	EndGlobalSection
	GlobalSection(SolutionProperties) = preSolution
		HideSolutionNode = FALSE
	EndGlobalSection
	GlobalSection(ExtensibilityGlobals) = postSolution
		SolutionGuid = {C2DB2298-DEC3-4A83-8FD0-DE57E7477A9E}
	EndGlobalSection
EndGlobal
